
Microsoft Visual Studio Solution File, Format Version 12.00
# Visual Studio 14
VisualStudioVersion = 14.0.24720.0
MinimumVisualStudioVersion = 10.0.40219.1
Project("{FAE04EC0-301F-11D3-BF4B-00C04F79EFBC}") = "MusicPlayer", "MusicPlayer\MusicPlayer.csproj", "{7E580CCF-CE33-4F13-9CAE-BCED54996062}"
EndProject
Project("{FAE04EC0-301F-11D3-BF4B-00C04F79EFBC}") = "MusicPlayer.Core", "MusicPlayer.Core\MusicPlayer.Core.csproj", "{0930D33C-2D7F-41D8-A0F8-072EF9E3FD50}"
EndProject
Project("{FAE04EC0-301F-11D3-BF4B-00C04F79EFBC}") = "MusicPlayer.Test", "MusicPlayer.Test\MusicPlayer.Test.csproj", "{64CE4583-66DB-4144-9078-78603B41E70D}"
EndProject
Global
	GlobalSection(SolutionConfigurationPlatforms) = preSolution
		Debug|Any CPU = Debug|Any CPU
		Release|Any CPU = Release|Any CPU
	EndGlobalSection
	GlobalSection(ProjectConfigurationPlatforms) = postSolution
		{7E580CCF-CE33-4F13-9CAE-BCED54996062}.Debug|Any CPU.ActiveCfg = Debug|Any CPU
		{7E580CCF-CE33-4F13-9CAE-BCED54996062}.Debug|Any CPU.Build.0 = Debug|Any CPU
		{7E580CCF-CE33-4F13-9CAE-BCED54996062}.Release|Any CPU.ActiveCfg = Release|Any CPU
		{7E580CCF-CE33-4F13-9CAE-BCED54996062}.Release|Any CPU.Build.0 = Release|Any CPU
		{0930D33C-2D7F-41D8-A0F8-072EF9E3FD50}.Debug|Any CPU.ActiveCfg = Debug|Any CPU
		{0930D33C-2D7F-41D8-A0F8-072EF9E3FD50}.Debug|Any CPU.Build.0 = Debug|Any CPU
		{0930D33C-2D7F-41D8-A0F8-072EF9E3FD50}.Release|Any CPU.ActiveCfg = Release|Any CPU
		{0930D33C-2D7F-41D8-A0F8-072EF9E3FD50}.Release|Any CPU.Build.0 = Release|Any CPU
		{64CE4583-66DB-4144-9078-78603B41E70D}.Debug|Any CPU.ActiveCfg = Debug|Any CPU
		{64CE4583-66DB-4144-9078-78603B41E70D}.Debug|Any CPU.Build.0 = Debug|Any CPU
		{64CE4583-66DB-4144-9078-78603B41E70D}.Release|Any CPU.ActiveCfg = Release|Any CPU
		{64CE4583-66DB-4144-9078-78603B41E70D}.Release|Any CPU.Build.0 = Release|Any CPU
	EndGlobalSection
	GlobalSection(SolutionProperties) = preSolution
		HideSolutionNode = FALSE
	EndGlobalSection
EndGlobal
